{
  "pins" : [
    {
      "identity" : "bitchatprotocol",
      "kind" : "remoteSourceControl",
      "location" : "https://github.com/bitchat-sdk/BitchatProtocol.git",
      "state" : {
        "revision" : "dc135f68fd098a3e11f50bc5db81cb6cedafa367",
        "version" : "0.1.0"
      }
    },
    {
      "identity" : "bitlogger",
      "kind" : "remoteSourceControl",
      "location" : "https://github.com/bitchat-sdk/BitLogger.git",
      "state" : {
        "revision" : "38456a318051c5dcae3e977a9235ca7821182721",
        "version" : "0.1.0"
      }
    },
    {
      "identity" : "swift-secp256k1",
      "kind" : "remoteSourceControl",
      "location" : "https://github.com/21-DOT-DEV/swift-secp256k1",
      "state" : {
        "revision" : "8c62aba8a3011c9bcea232e5ee007fb0b34a15e2",
        "version" : "0.21.1"
      }
    }
  ],
  "version" : 2
}
